# This file is automatically @generated by Poetry 1.7.1 and should not be changed by hand.

[[package]]
name = "pycrypto"
version = "2.6.1"
description = "Cryptographic modules for Python."
optional = false
python-versions = "*"
files = [
    {file = "pycrypto-2.6.1.tar.gz", hash = "sha256:f2ce1e989b272cfcb677616763e0a2e7ec659effa67a88aa92b3a65528f60a3c"},
]

[metadata]
lock-version = "2.0"
python-versions = "~=3.10"
content-hash = "ba1af26dfa58306dfb0a9e4654cc287ebc10271d8cfb9cc0a2cb9a82fb4514d4"
